
Microsoft Visual Studio Solution File, Format Version 12.00
# Visual Studio Version 16
VisualStudioVersion = 16.0.31613.86
MinimumVisualStudioVersion = 10.0.40219.1
Project("{FAE04EC0-301F-11D3-BF4B-00C04F79EFBC}") = "Obligatorisk opgave API MVC", "Obligatorisk opgave API MVC\Obligatorisk opgave API MVC.csproj", "{95C19605-90B9-476F-8240-B35DA8215547}"
EndProject
Global
	GlobalSection(SolutionConfigurationPlatforms) = preSolution
		Debug|Any CPU = Debug|Any CPU
		Release|Any CPU = Release|Any CPU
	EndGlobalSection
	GlobalSection(ProjectConfigurationPlatforms) = postSolution
		{95C19605-90B9-476F-8240-B35DA8215547}.Debug|Any CPU.ActiveCfg = Debug|Any CPU
		{95C19605-90B9-476F-8240-B35DA8215547}.Debug|Any CPU.Build.0 = Debug|Any CPU
		{95C19605-90B9-476F-8240-B35DA8215547}.Release|Any CPU.ActiveCfg = Release|Any CPU
		{95C19605-90B9-476F-8240-B35DA8215547}.Release|Any CPU.Build.0 = Release|Any CPU
	EndGlobalSection
	GlobalSection(SolutionProperties) = preSolution
		HideSolutionNode = FALSE
	EndGlobalSection
	GlobalSection(ExtensibilityGlobals) = postSolution
		SolutionGuid = {8A0EB412-57C9-4902-8302-B82DA6B6EC85}
	EndGlobalSection
EndGlobal
